// !$*UTF8*$!
{
	archiveVersion = 1;
	classes = {
	};
	objectVersion = 50;
	objects = {

/* Begin PBXBuildFile section */
		5B7ACF272236012300A383AA /* AppDelegate.m in Sources */ = {isa = PBXBuildFile; fileRef = 5B7ACF262236012300A383AA /* AppDelegate.m */; };
		5B7ACF2A2236012300A383AA /* ViewController.m in Sources */ = {isa = PBXBuildFile; fileRef = 5B7ACF292236012300A383AA /* ViewController.m */; };
		5B7ACF2D2236012300A383AA /* Main.storyboard in Resources */ = {isa = PBXBuildFile; fileRef = 5B7ACF2B2236012300A383AA /* Main.storyboard */; };
		5B7ACF2F2236012400A383AA /* Assets.xcassets in Resources */ = {isa = PBXBuildFile; fileRef = 5B7ACF2E2236012400A383AA /* Assets.xcassets */; };
		5B7ACF322236012400A383AA /* LaunchScreen.storyboard in Resources */ = {isa = PBXBuildFile; fileRef = 5B7ACF302236012400A383AA /* LaunchScreen.storyboard */; };
		5B7ACF352236012400A383AA /* main.m in Sources */ = {isa = PBXBuildFile; fileRef = 5B7ACF342236012400A383AA /* main.m */; };
		5B7ACF3F2236012400A383AA /* demo_004Tests.m in Sources */ = {isa = PBXBuildFile; fileRef = 5B7ACF3E2236012400A383AA /* demo_004Tests.m */; };
		5B7ACF4A2236012400A383AA /* demo_004UITests.m in Sources */ = {isa = PBXBuildFile; fileRef = 5B7ACF492236012400A383AA /* demo_004UITests.m */; };
/* End PBXBuildFile section */

/* Begin PBXContainerItemProxy section */
		5B7ACF3B2236012400A383AA /* PBXContainerItemProxy */ = {
			isa = PBXContainerItemProxy;
			containerPortal = 5B7ACF1A2236012300A383AA /* Project object */;
			proxyType = 1;
			remoteGlobalIDString = 5B7ACF212236012300A383AA;
			remoteInfo = demo_004;
		};
		5B7ACF462236012400A383AA /* PBXContainerItemProxy */ = {
			isa = PBXContainerItemProxy;
			containerPortal = 5B7ACF1A2236012300A383AA /* Project object */;
			proxyType = 1;
			remoteGlobalIDString = 5B7ACF212236012300A383AA;
			remoteInfo = demo_004;
		};
/* End PBXContainerItemProxy section */

/* Begin PBXFileReference section */
		5B7ACF222236012300A383AA /* demo_004.app */ = {isa = PBXFileReference; explicitFileType = wrapper.application; includeInIndex = 0; path = demo_004.app; sourceTree = BUILT_PRODUCTS_DIR; };
		5B7ACF252236012300A383AA /* AppDelegate.h */ = {isa = PBXFileReference; lastKnownFileType = sourcecode.c.h; path = AppDelegate.h; sourceTree = "<group>"; };
		5B7ACF262236012300A383AA /* AppDelegate.m */ = {isa = PBXFileReference; lastKnownFileType = sourcecode.c.objc; path = AppDelegate.m; sourceTree = "<group>"; };
		5B7ACF282236012300A383AA /* ViewController.h */ = {isa = PBXFileReference; lastKnownFileType = sourcecode.c.h; path = ViewController.h; sourceTree = "<group>"; };
		5B7ACF292236012300A383AA /* ViewController.m */ = {isa = PBXFileReference; lastKnownFileType = sourcecode.c.objc; path = ViewController.m; sourceTree = "<group>"; };
		5B7ACF2C2236012300A383AA /* Base */ = {isa = PBXFileReference; lastKnownFileType = file.storyboard; name = Base; path = Base.lproj/Main.storyboard; sourceTree = "<group>"; };
		5B7ACF2E2236012400A383AA /* Assets.xcassets */ = {isa = PBXFileReference; lastKnownFileType = folder.assetcatalog; path = Assets.xcassets; sourceTree = "<group>"; };
		5B7ACF312236012400A383AA /* Base */ = {isa = PBXFileReference; lastKnownFileType = file.storyboard; name = Base; path = Base.lproj/LaunchScreen.storyboard; sourceTree = "<group>"; };
		5B7ACF332236012400A383AA /* Info.plist */ = {isa = PBXFileReference; lastKnownFileType = text.plist.xml; path = Info.plist; sourceTree = "<group>"; };
		5B7ACF342236012400A383AA /* main.m */ = {isa = PBXFileReference; lastKnownFileType = sourcecode.c.objc; path = main.m; sourceTree = "<group>"; };
		5B7ACF3A2236012400A383AA /* demo_004Tests.xctest */ = {isa = PBXFileReference; explicitFileType = wrapper.cfbundle; includeInIndex = 0; path = demo_004Tests.xctest; sourceTree = BUILT_PRODUCTS_DIR; };
		5B7ACF3E2236012400A383AA /* demo_004Tests.m */ = {isa = PBXFileReference; lastKnownFileType = sourcecode.c.objc; path = demo_004Tests.m; sourceTree = "<group>"; };
		5B7ACF402236012400A383AA /* Info.plist */ = {isa = PBXFileReference; lastKnownFileType = text.plist.xml; path = Info.plist; sourceTree = "<group>"; };
		5B7ACF452236012400A383AA /* demo_004UITests.xctest */ = {isa = PBXFileReference; explicitFileType = wrapper.cfbundle; includeInIndex = 0; path = demo_004UITests.xctest; sourceTree = BUILT_PRODUCTS_DIR; };
		5B7ACF492236012400A383AA /* demo_004UITests.m */ = {isa = PBXFileReference; lastKnownFileType = sourcecode.c.objc; path = demo_004UITests.m; sourceTree = "<group>"; };
		5B7ACF4B2236012400A383AA /* Info.plist */ = {isa = PBXFileReference; lastKnownFileType = text.plist.xml; path = Info.plist; sourceTree = "<group>"; };
/* End PBXFileReference section */

/* Begin PBXFrameworksBuildPhase section */
		5B7ACF1F2236012300A383AA /* Frameworks */ = {
			isa = PBXFrameworksBuildPhase;
			buildActionMask = 2147483647;
			files = (
			);
			runOnlyForDeploymentPostprocessing = 0;
		};
		5B7ACF372236012400A383AA /* Frameworks */ = {
			isa = PBXFrameworksBuildPhase;
			buildActionMask = 2147483647;
			files = (
			);
			runOnlyForDeploymentPostprocessing = 0;
		};
		5B7ACF422236012400A383AA /* Frameworks */ = {
			isa = PBXFrameworksBuildPhase;
			buildActionMask = 2147483647;
			files = (
			);
			runOnlyForDeploymentPostprocessing = 0;
		};
/* End PBXFrameworksBuildPhase section */

/* Begin PBXGroup section */
		5B7ACF192236012300A383AA = {
			isa = PBXGroup;
			children = (
				5B7ACF242236012300A383AA /* demo_004 */,
				5B7ACF3D2236012400A383AA /* demo_004Tests */,
				5B7ACF482236012400A383AA /* demo_004UITests */,
				5B7ACF232236012300A383AA /* Products */,
			);
			sourceTree = "<group>";
		};
		5B7ACF232236012300A383AA /* Products */ = {
			isa = PBXGroup;
			children = (
				5B7ACF222236012300A383AA /* demo_004.app */,
				5B7ACF3A2236012400A383AA /* demo_004Tests.xctest */,
				5B7ACF452236012400A383AA /* demo_004UITests.xctest */,
			);
			name = Products;
			sourceTree = "<group>";
		};
		5B7ACF242236012300A383AA /* demo_004 */ = {
			isa = PBXGroup;
			children = (
				5B7ACF252236012300A383AA /* AppDelegate.h */,
				5B7ACF262236012300A383AA /* AppDelegate.m */,
				5B7ACF282236012300A383AA /* ViewController.h */,
				5B7ACF292236012300A383AA /* ViewController.m */,
				5B7ACF2B2236012300A383AA /* Main.storyboard */,
				5B7ACF2E2236012400A383AA /* Assets.xcassets */,
				5B7ACF302236012400A383AA /* LaunchScreen.storyboard */,
				5B7ACF332236012400A383AA /* Info.plist */,
				5B7ACF342236012400A383AA /* main.m */,
			);
			path = demo_004;
			sourceTree = "<group>";
		};
		5B7ACF3D2236012400A383AA /* demo_004Tests */ = {
			isa = PBXGroup;
			children = (
				5B7ACF3E2236012400A383AA /* demo_004Tests.m */,
				5B7ACF402236012400A383AA /* Info.plist */,
			);
			path = demo_004Tests;
			sourceTree = "<group>";
		};
		5B7ACF482236012400A383AA /* demo_004UITests */ = {
			isa = PBXGroup;
			children = (
				5B7ACF492236012400A383AA /* demo_004UITests.m */,
				5B7ACF4B2236012400A383AA /* Info.plist */,
			);
			path = demo_004UITests;
			sourceTree = "<group>";
		};
/* End PBXGroup section */

/* Begin PBXNativeTarget section */
		5B7ACF212236012300A383AA /* demo_004 */ = {
			isa = PBXNativeTarget;
			buildConfigurationList = 5B7ACF4E2236012400A383AA /* Build configuration list for PBXNativeTarget "demo_004" */;
			buildPhases = (
				5B7ACF1E2236012300A383AA /* Sources */,
				5B7ACF1F2236012300A383AA /* Frameworks */,
				5B7ACF202236012300A383AA /* Resources */,
			);
			buildRules = (
			);
			dependencies = (
			);
			name = demo_004;
			productName = demo_004;
			productReference = 5B7ACF222236012300A383AA /* demo_004.app */;
			productType = "com.apple.product-type.application";
		};
		5B7ACF392236012400A383AA /* demo_004Tests */ = {
			isa = PBXNativeTarget;
			buildConfigurationList = 5B7ACF512236012400A383AA /* Build configuration list for PBXNativeTarget "demo_004Tests" */;
			buildPhases = (
				5B7ACF362236012400A383AA /* Sources */,
				5B7ACF372236012400A383AA /* Frameworks */,
				5B7ACF382236012400A383AA /* Resources */,
			);
			buildRules = (
			);
			dependencies = (
				5B7ACF3C2236012400A383AA /* PBXTargetDependency */,
			);
			name = demo_004Tests;
			productName = demo_004Tests;
			productReference = 5B7ACF3A2236012400A383AA /* demo_004Tests.xctest */;
			productType = "com.apple.product-type.bundle.unit-test";
		};
		5B7ACF442236012400A383AA /* demo_004UITests */ = {
			isa = PBXNativeTarget;
			buildConfigurationList = 5B7ACF542236012400A383AA /* Build configuration list for PBXNativeTarget "demo_004UITests" */;
			buildPhases = (
				5B7ACF412236012400A383AA /* Sources */,
				5B7ACF422236012400A383AA /* Frameworks */,
				5B7ACF432236012400A383AA /* Resources */,
			);
			buildRules = (
			);
			dependencies = (
				5B7ACF472236012400A383AA /* PBXTargetDependency */,
			);
			name = demo_004UITests;
			productName = demo_004UITests;
			productReference = 5B7ACF452236012400A383AA /* demo_004UITests.xctest */;
			productType = "com.apple.product-type.bundle.ui-testing";
		};
/* End PBXNativeTarget section */

/* Begin PBXProject section */
		5B7ACF1A2236012300A383AA /* Project object */ = {
			isa = PBXProject;
			attributes = {
				LastUpgradeCheck = 1010;
				ORGANIZATIONNAME = isec;
				TargetAttributes = {
					5B7ACF212236012300A383AA = {
						CreatedOnToolsVersion = 10.1;
					};
					5B7ACF392236012400A383AA = {
						CreatedOnToolsVersion = 10.1;
						TestTargetID = 5B7ACF212236012300A383AA;
					};
					5B7ACF442236012400A383AA = {
						CreatedOnToolsVersion = 10.1;
						TestTargetID = 5B7ACF212236012300A383AA;
					};
				};
			};
			buildConfigurationList = 5B7ACF1D2236012300A383AA /* Build configuration list for PBXProject "demo_004" */;
			compatibilityVersion = "Xcode 9.3";
			developmentRegion = en;
			hasScannedForEncodings = 0;
			knownRegions = (
				en,
				Base,
			);
			mainGroup = 5B7ACF192236012300A383AA;
			productRefGroup = 5B7ACF232236012300A383AA /* Products */;
			projectDirPath = "";
			projectRoot = "";
			targets = (
				5B7ACF212236012300A383AA /* demo_004 */,
				5B7ACF392236012400A383AA /* demo_004Tests */,
				5B7ACF442236012400A383AA /* demo_004UITests */,
			);
		};
/* End PBXProject section */

/* Begin PBXResourcesBuildPhase section */
		5B7ACF202236012300A383AA /* Resources */ = {
			isa = PBXResourcesBuildPhase;
			buildActionMask = 2147483647;
			files = (
				5B7ACF322236012400A383AA /* LaunchScreen.storyboard in Resources */,
				5B7ACF2F2236012400A383AA /* Assets.xcassets in Resources */,
				5B7ACF2D2236012300A383AA /* Main.storyboard in Resources */,
			);
			runOnlyForDeploymentPostprocessing = 0;
		};
		5B7ACF382236012400A383AA /* Resources */ = {
			isa = PBXResourcesBuildPhase;
			buildActionMask = 2147483647;
			files = (
			);
			runOnlyForDeploymentPostprocessing = 0;
		};
		5B7ACF432236012400A383AA /* Resources */ = {
			isa = PBXResourcesBuildPhase;
			buildActionMask = 2147483647;
			files = (
			);
			runOnlyForDeploymentPostprocessing = 0;
		};
/* End PBXResourcesBuildPhase section */

/* Begin PBXSourcesBuildPhase section */
		5B7ACF1E2236012300A383AA /* Sources */ = {
			isa = PBXSourcesBuildPhase;
			buildActionMask = 2147483647;
			files = (
				5B7ACF2A2236012300A383AA /* ViewController.m in Sources */,
				5B7ACF352236012400A383AA /* main.m in Sources */,
				5B7ACF272236012300A383AA /* AppDelegate.m in Sources */,
			);
			runOnlyForDeploymentPostprocessing = 0;
		};
		5B7ACF362236012400A383AA /* Sources */ = {
			isa = PBXSourcesBuildPhase;
			buildActionMask = 2147483647;
			files = (
				5B7ACF3F2236012400A383AA /* demo_004Tests.m in Sources */,
			);
			runOnlyForDeploymentPostprocessing = 0;
		};
		5B7ACF412236012400A383AA /* Sources */ = {
			isa = PBXSourcesBuildPhase;
			buildActionMask = 2147483647;
			files = (
				5B7ACF4A2236012400A383AA /* demo_004UITests.m in Sources */,
			);
			runOnlyForDeploymentPostprocessing = 0;
		};
/* End PBXSourcesBuildPhase section */

/* Begin PBXTargetDependency section */
		5B7ACF3C2236012400A383AA /* PBXTargetDependency */ = {
			isa = PBXTargetDependency;
			target = 5B7ACF212236012300A383AA /* demo_004 */;
			targetProxy = 5B7ACF3B2236012400A383AA /* PBXContainerItemProxy */;
		};
		5B7ACF472236012400A383AA /* PBXTargetDependency */ = {
			isa = PBXTargetDependency;
			target = 5B7ACF212236012300A383AA /* demo_004 */;
			targetProxy = 5B7ACF462236012400A383AA /* PBXContainerItemProxy */;
		};
/* End PBXTargetDependency section */

/* Begin PBXVariantGroup section */
		5B7ACF2B2236012300A383AA /* Main.storyboard */ = {
			isa = PBXVariantGroup;
			children = (
				5B7ACF2C2236012300A383AA /* Base */,
			);
			name = Main.storyboard;
			sourceTree = "<group>";
		};
		5B7ACF302236012400A383AA /* LaunchScreen.storyboard */ = {
			isa = PBXVariantGroup;
			children = (
				5B7ACF312236012400A383AA /* Base */,
			);
			name = LaunchScreen.storyboard;
			sourceTree = "<group>";
		};
/* End PBXVariantGroup section */

/* Begin XCBuildConfiguration section */
		5B7ACF4C2236012400A383AA /* Debug */ = {
			isa = XCBuildConfiguration;
			buildSettings = {
				ALWAYS_SEARCH_USER_PATHS = NO;
				CLANG_ANALYZER_NONNULL = YES;
				CLANG_ANALYZER_NUMBER_OBJECT_CONVERSION = YES_AGGRESSIVE;
				CLANG_CXX_LANGUAGE_STANDARD = "gnu++14";
				CLANG_CXX_LIBRARY = "libc++";
				CLANG_ENABLE_MODULES = YES;
				CLANG_ENABLE_OBJC_ARC = YES;
				CLANG_ENABLE_OBJC_WEAK = YES;
				CLANG_WARN_BLOCK_CAPTURE_AUTORELEASING = YES;
				CLANG_WARN_BOOL_CONVERSION = YES;
				CLANG_WARN_COMMA = YES;
				CLANG_WARN_CONSTANT_CONVERSION = YES;
				CLANG_WARN_DEPRECATED_OBJC_IMPLEMENTATIONS = YES;
				CLANG_WARN_DIRECT_OBJC_ISA_USAGE = YES_ERROR;
				CLANG_WARN_DOCUMENTATION_COMMENTS = YES;
				CLANG_WARN_EMPTY_BODY = YES;
				CLANG_WARN_ENUM_CONVERSION = YES;
				CLANG_WARN_INFINITE_RECURSION = YES;
				CLANG_WARN_INT_CONVERSION = YES;
				CLANG_WARN_NON_LITERAL_NULL_CONVERSION = YES;
				CLANG_WARN_OBJC_IMPLICIT_RETAIN_SELF = YES;
				CLANG_WARN_OBJC_LITERAL_CONVERSION = YES;
				CLANG_WARN_OBJC_ROOT_CLASS = YES_ERROR;
				CLANG_WARN_RANGE_LOOP_ANALYSIS = YES;
				CLANG_WARN_STRICT_PROTOTYPES = YES;
				CLANG_WARN_SUSPICIOUS_MOVE = YES;
				CLANG_WARN_UNGUARDED_AVAILABILITY = YES_AGGRESSIVE;
				CLANG_WARN_UNREACHABLE_CODE = YES;
				CLANG_WARN__DUPLICATE_METHOD_MATCH = YES;
				CODE_SIGN_IDENTITY = "iPhone Developer";
				COPY_PHASE_STRIP = NO;
				DEBUG_INFORMATION_FORMAT = dwarf;
				ENABLE_STRICT_OBJC_MSGSEND = YES;
				ENABLE_TESTABILITY = YES;
				GCC_C_LANGUAGE_STANDARD = gnu11;
				GCC_DYNAMIC_NO_PIC = NO;
				GCC_NO_COMMON_BLOCKS = YES;
				GCC_OPTIMIZATION_LEVEL = 0;
				GCC_PREPROCESSOR_DEFINITIONS = (
					"DEBUG=1",
					"$(inherited)",
				);
				GCC_WARN_64_TO_32_BIT_CONVERSION = YES;
				GCC_WARN_ABOUT_RETURN_TYPE = YES_ERROR;
				GCC_WARN_UNDECLARED_SELECTOR = YES;
				GCC_WARN_UNINITIALIZED_AUTOS = YES_AGGRESSIVE;
				GCC_WARN_UNUSED_FUNCTION = YES;
				GCC_WARN_UNUSED_VARIABLE = YES;
				IPHONEOS_DEPLOYMENT_TARGET = 12.1;
				MTL_ENABLE_DEBUG_INFO = INCLUDE_SOURCE;
				MTL_FAST_MATH = YES;
				ONLY_ACTIVE_ARCH = YES;
				SDKROOT = iphoneos;
			};
			name = Debug;
		};
		5B7ACF4D2236012400A383AA /* Release */ = {
			isa = XCBuildConfiguration;
			buildSettings = {
				ALWAYS_SEARCH_USER_PATHS = NO;
				CLANG_ANALYZER_NONNULL = YES;
				CLANG_ANALYZER_NUMBER_OBJECT_CONVERSION = YES_AGGRESSIVE;
				CLANG_CXX_LANGUAGE_STANDARD = "gnu++14";
				CLANG_CXX_LIBRARY = "libc++";
				CLANG_ENABLE_MODULES = YES;
				CLANG_ENABLE_OBJC_ARC = YES;
				CLANG_ENABLE_OBJC_WEAK = YES;
				CLANG_WARN_BLOCK_CAPTURE_AUTORELEASING = YES;
				CLANG_WARN_BOOL_CONVERSION = YES;
				CLANG_WARN_COMMA = YES;
				CLANG_WARN_CONSTANT_CONVERSION = YES;
				CLANG_WARN_DEPRECATED_OBJC_IMPLEMENTATIONS = YES;
				CLANG_WARN_DIRECT_OBJC_ISA_USAGE = YES_ERROR;
				CLANG_WARN_DOCUMENTATION_COMMENTS = YES;
				CLANG_WARN_EMPTY_BODY = YES;
				CLANG_WARN_ENUM_CONVERSION = YES;
				CLANG_WARN_INFINITE_RECURSION = YES;
				CLANG_WARN_INT_CONVERSION = YES;
				CLANG_WARN_NON_LITERAL_NULL_CONVERSION = YES;
				CLANG_WARN_OBJC_IMPLICIT_RETAIN_SELF = YES;
				CLANG_WARN_OBJC_LITERAL_CONVERSION = YES;
				CLANG_WARN_OBJC_ROOT_CLASS = YES_ERROR;
				CLANG_WARN_RANGE_LOOP_ANALYSIS = YES;
				CLANG_WARN_STRICT_PROTOTYPES = YES;
				CLANG_WARN_SUSPICIOUS_MOVE = YES;
				CLANG_WARN_UNGUARDED_AVAILABILITY = YES_AGGRESSIVE;
				CLANG_WARN_UNREACHABLE_CODE = YES;
				CLANG_WARN__DUPLICATE_METHOD_MATCH = YES;
				CODE_SIGN_IDENTITY = "iPhone Developer";
				COPY_PHASE_STRIP = NO;
				DEBUG_INFORMATION_FORMAT = "dwarf-with-dsym";
				ENABLE_NS_ASSERTIONS = NO;
				ENABLE_STRICT_OBJC_MSGSEND = YES;
				GCC_C_LANGUAGE_STANDARD = gnu11;
				GCC_NO_COMMON_BLOCKS = YES;
				GCC_WARN_64_TO_32_BIT_CONVERSION = YES;
				GCC_WARN_ABOUT_RETURN_TYPE = YES_ERROR;
				GCC_WARN_UNDECLARED_SELECTOR = YES;
				GCC_WARN_UNINITIALIZED_AUTOS = YES_AGGRESSIVE;
				GCC_WARN_UNUSED_FUNCTION = YES;
				GCC_WARN_UNUSED_VARIABLE = YES;
				IPHONEOS_DEPLOYMENT_TARGET = 12.1;
				MTL_ENABLE_DEBUG_INFO = NO;
				MTL_FAST_MATH = YES;
				SDKROOT = iphoneos;
				VALIDATE_PRODUCT = YES;
			};
			name = Release;
		};
		5B7ACF4F2236012400A383AA /* Debug */ = {
			isa = XCBuildConfiguration;
			buildSettings = {
				ASSETCATALOG_COMPILER_APPICON_NAME = AppIcon;
				CODE_SIGN_STYLE = Automatic;
				DEVELOPMENT_TEAM = A85M78Q9TM;
				INFOPLIST_FILE = demo_004/Info.plist;
				LD_RUNPATH_SEARCH_PATHS = (
					"$(inherited)",
					"@executable_path/Frameworks",
				);
				PRODUCT_BUNDLE_IDENTIFIER = "com.isec.demo-004";
				PRODUCT_NAME = "$(TARGET_NAME)";
				TARGETED_DEVICE_FAMILY = "1,2";
			};
			name = Debug;
		};
		5B7ACF502236012400A383AA /* Release */ = {
			isa = XCBuildConfiguration;
			buildSettings = {
				ASSETCATALOG_COMPILER_APPICON_NAME = AppIcon;
				CODE_SIGN_STYLE = Automatic;
				DEVELOPMENT_TEAM = A85M78Q9TM;
				INFOPLIST_FILE = demo_004/Info.plist;
				LD_RUNPATH_SEARCH_PATHS = (
					"$(inherited)",
					"@executable_path/Frameworks",
				);
				PRODUCT_BUNDLE_IDENTIFIER = "com.isec.demo-004";
				PRODUCT_NAME = "$(TARGET_NAME)";
				TARGETED_DEVICE_FAMILY = "1,2";
			};
			name = Release;
		};
		5B7ACF522236012400A383AA /* Debug */ = {
			isa = XCBuildConfiguration;
			buildSettings = {
				BUNDLE_LOADER = "$(TEST_HOST)";
				CODE_SIGN_STYLE = Automatic;
				DEVELOPMENT_TEAM = A85M78Q9TM;
				INFOPLIST_FILE = demo_004Tests/Info.plist;
				LD_RUNPATH_SEARCH_PATHS = (
					"$(inherited)",
					"@executable_path/Frameworks",
					"@loader_path/Frameworks",
				);
				PRODUCT_BUNDLE_IDENTIFIER = "com.isec.demo-004Tests";
				PRODUCT_NAME = "$(TARGET_NAME)";
				TARGETED_DEVICE_FAMILY = "1,2";
				TEST_HOST = "$(BUILT_PRODUCTS_DIR)/demo_004.app/demo_004";
			};
			name = Debug;
		};
		5B7ACF532236012400A383AA /* Release */ = {
			isa = XCBuildConfiguration;
			buildSettings = {
				BUNDLE_LOADER = "$(TEST_HOST)";
				CODE_SIGN_STYLE = Automatic;
				DEVELOPMENT_TEAM = A85M78Q9TM;
				INFOPLIST_FILE = demo_004Tests/Info.plist;
				LD_RUNPATH_SEARCH_PATHS = (
					"$(inherited)",
					"@executable_path/Frameworks",
					"@loader_path/Frameworks",
				);
				PRODUCT_BUNDLE_IDENTIFIER = "com.isec.demo-004Tests";
				PRODUCT_NAME = "$(TARGET_NAME)";
				TARGETED_DEVICE_FAMILY = "1,2";
				TEST_HOST = "$(BUILT_PRODUCTS_DIR)/demo_004.app/demo_004";
			};
			name = Release;
		};
		5B7ACF552236012400A383AA /* Debug */ = {
			isa = XCBuildConfiguration;
			buildSettings = {
				CODE_SIGN_STYLE = Automatic;
				DEVELOPMENT_TEAM = A85M78Q9TM;
				INFOPLIST_FILE = demo_004UITests/Info.plist;
				LD_RUNPATH_SEARCH_PATHS = (
					"$(inherited)",
					"@executable_path/Frameworks",
					"@loader_path/Frameworks",
				);
				PRODUCT_BUNDLE_IDENTIFIER = "com.isec.demo-004UITests";
				PRODUCT_NAME = "$(TARGET_NAME)";
				TARGETED_DEVICE_FAMILY = "1,2";
				TEST_TARGET_NAME = demo_004;
			};
			name = Debug;
		};
		5B7ACF562236012400A383AA /* Release */ = {
			isa = XCBuildConfiguration;
			buildSettings = {
				CODE_SIGN_STYLE = Automatic;
				DEVELOPMENT_TEAM = A85M78Q9TM;
				INFOPLIST_FILE = demo_004UITests/Info.plist;
				LD_RUNPATH_SEARCH_PATHS = (
					"$(inherited)",
					"@executable_path/Frameworks",
					"@loader_path/Frameworks",
				);
				PRODUCT_BUNDLE_IDENTIFIER = "com.isec.demo-004UITests";
				PRODUCT_NAME = "$(TARGET_NAME)";
				TARGETED_DEVICE_FAMILY = "1,2";
				TEST_TARGET_NAME = demo_004;
			};
			name = Release;
		};
/* End XCBuildConfiguration section */

/* Begin XCConfigurationList section */
		5B7ACF1D2236012300A383AA /* Build configuration list for PBXProject "demo_004" */ = {
			isa = XCConfigurationList;
			buildConfigurations = (
				5B7ACF4C2236012400A383AA /* Debug */,
				5B7ACF4D2236012400A383AA /* Release */,
			);
			defaultConfigurationIsVisible = 0;
			defaultConfigurationName = Release;
		};
		5B7ACF4E2236012400A383AA /* Build configuration list for PBXNativeTarget "demo_004" */ = {
			isa = XCConfigurationList;
			buildConfigurations = (
				5B7ACF4F2236012400A383AA /* Debug */,
				5B7ACF502236012400A383AA /* Release */,
			);
			defaultConfigurationIsVisible = 0;
			defaultConfigurationName = Release;
		};
		5B7ACF512236012400A383AA /* Build configuration list for PBXNativeTarget "demo_004Tests" */ = {
			isa = XCConfigurationList;
			buildConfigurations = (
				5B7ACF522236012400A383AA /* Debug */,
				5B7ACF532236012400A383AA /* Release */,
			);
			defaultConfigurationIsVisible = 0;
			defaultConfigurationName = Release;
		};
		5B7ACF542236012400A383AA /* Build configuration list for PBXNativeTarget "demo_004UITests" */ = {
			isa = XCConfigurationList;
			buildConfigurations = (
				5B7ACF552236012400A383AA /* Debug */,
				5B7ACF562236012400A383AA /* Release */,
			);
			defaultConfigurationIsVisible = 0;
			defaultConfigurationName = Release;
		};
/* End XCConfigurationList section */
	};
	rootObject = 5B7ACF1A2236012300A383AA /* Project object */;
}
